# This file is automatically @generated by Cargo.
# It is not intended for manual editing.
version = 4

[[package]]
name = "kmipkit"
version = "0.1.0"
dependencies = [
 "kmipkit-client",
 "kmipkit-protocol",
 "kmipkit-transport",
 "kmipkit-ttlv",
]

[[package]]
name = "kmipkit-client"
version = "0.1.0"
dependencies = [
 "kmipkit-protocol",
 "kmipkit-transport",
]

[[package]]
name = "kmipkit-ffi"
version = "0.1.0"
dependencies = [
 "kmipkit",
]

[[package]]
name = "kmipkit-protocol"
version = "0.1.0"
dependencies = [
 "kmipkit-ttlv",
]

[[package]]
name = "kmipkit-test-support"
version = "0.1.0"
dependencies = [
 "kmipkit",
 "kmipkit-client",
 "kmipkit-protocol",
 "kmipkit-transport",
 "kmipkit-ttlv",
]

[[package]]
name = "kmipkit-transport"
version = "0.1.0"

[[package]]
name = "kmipkit-ttlv"
version = "0.1.0"
